{
  "pins" : [
    {
      "identity" : "alamofire",
      "kind" : "remoteSourceControl",
      "location" : "https://github.com/Alamofire/Alamofire.git",
      "state" : {
        "revision" : "78424be314842833c04bc3bef5b72e85fff99204",
        "version" : "5.6.4"
      }
    },
    {
      "identity" : "inputbaraccessoryview",
      "kind" : "remoteSourceControl",
      "location" : "https://github.com/nathantannar4/InputBarAccessoryView",
      "state" : {
        "revision" : "039a9cb3ae8c5bc4d39242a6aa688b88023633d3",
        "version" : "6.2.0"
      }
    },
    {
      "identity" : "messagekit",
      "kind" : "remoteSourceControl",
      "location" : "https://github.com/MessageKit/MessageKit",
      "state" : {
        "revision" : "14bfa7eb9f93267c3d7b8cdf58615bba27be672a",
        "version" : "4.1.1"
      }
    },
    {
      "identity" : "moya",
      "kind" : "remoteSourceControl",
      "location" : "https://github.com/Moya/Moya.git",
      "state" : {
        "revision" : "c263811c1f3dbf002be9bd83107f7cdc38992b26",
        "version" : "15.0.3"
      }
    },
    {
      "identity" : "reachability.swift",
      "kind" : "remoteSourceControl",
      "location" : "https://github.com/ashleymills/Reachability.swift",
      "state" : {
        "revision" : "98e968e7b6c1318fb61df23e347bc319761e8acb",
        "version" : "5.0.0"
      }
    },
    {
      "identity" : "reactiveswift",
      "kind" : "remoteSourceControl",
      "location" : "https://github.com/ReactiveCocoa/ReactiveSwift.git",
      "state" : {
        "revision" : "c43bae3dac73fdd3cb906bd5a1914686ca71ed3c",
        "version" : "6.7.0"
      }
    },
    {
      "identity" : "realm-core",
      "kind" : "remoteSourceControl",
      "location" : "https://github.com/realm/realm-core.git",
      "state" : {
        "revision" : "b9467f3ecfead791cc87ab70b4f1c3c290be6ffd",
        "version" : "13.4.0"
      }
    },
    {
      "identity" : "realm-swift",
      "kind" : "remoteSourceControl",
      "location" : "https://github.com/realm/realm-swift.git",
      "state" : {
        "revision" : "41fc81b00678f34a2d24781ada35e3937d2eeb25",
        "version" : "10.35.1"
      }
    },
    {
      "identity" : "rxdatasources",
      "kind" : "remoteSourceControl",
      "location" : "https://github.com/RxSwiftCommunity/RxDataSources.git",
      "state" : {
        "revision" : "90c29b48b628479097fe775ed1966d75ac374518",
        "version" : "5.0.2"
      }
    },
    {
      "identity" : "rxrealm",
      "kind" : "remoteSourceControl",
      "location" : "https://github.com/RxSwiftCommunity/RxRealm.git",
      "state" : {
        "revision" : "a7de576348d48286d8b100a501f757a1c531f1dd",
        "version" : "5.0.5"
      }
    },
    {
      "identity" : "rxswift",
      "kind" : "remoteSourceControl",
      "location" : "https://github.com/ReactiveX/RxSwift.git",
      "state" : {
        "revision" : "b4307ba0b6425c0ba4178e138799946c3da594f8",
        "version" : "6.5.0"
      }
    },
    {
      "identity" : "starscream",
      "kind" : "remoteSourceControl",
      "location" : "https://github.com/daltoniam/Starscream.git",
      "state" : {
        "revision" : "df8d82047f6654d8e4b655d1b1525c64e1059d21",
        "version" : "4.0.4"
      }
    },
    {
      "identity" : "swiftstomp",
      "kind" : "remoteSourceControl",
      "location" : "https://github.com/Romixery/SwiftStomp.git",
      "state" : {
        "revision" : "99dcfa7f428485b92de2359c9df9c778fd2d5599",
        "version" : "1.1.1"
      }
    }
  ],
  "version" : 2
}
