// !$*UTF8*$!
{
	archiveVersion = 1;
	classes = {
	};
	objectVersion = 56;
	objects = {

/* Begin PBXBuildFile section */
		B401930729880F7200217AEB /* CoreDataStack.swift in Sources */ = {isa = PBXBuildFile; fileRef = B401930629880F7200217AEB /* CoreDataStack.swift */; };
		B401930A298810D300217AEB /* NSManagedObjectContext+Ext.swift in Sources */ = {isa = PBXBuildFile; fileRef = B4019309298810D300217AEB /* NSManagedObjectContext+Ext.swift */; };
		B401930C29881E2800217AEB /* Observable+Ext.swift in Sources */ = {isa = PBXBuildFile; fileRef = B401930B29881E2800217AEB /* Observable+Ext.swift */; };
		B401930E29881F4800217AEB /* DomainConvertibleType.swift in Sources */ = {isa = PBXBuildFile; fileRef = B401930D29881F4800217AEB /* DomainConvertibleType.swift */; };
		B40193102988230B00217AEB /* Persistable.swift in Sources */ = {isa = PBXBuildFile; fileRef = B401930F2988230B00217AEB /* Persistable.swift */; };
		B40193132988242800217AEB /* ContextScheduler.swift in Sources */ = {isa = PBXBuildFile; fileRef = B40193122988242800217AEB /* ContextScheduler.swift */; };
		B40193152988297300217AEB /* FetchedResultsControllerObserver.swift in Sources */ = {isa = PBXBuildFile; fileRef = B40193142988297300217AEB /* FetchedResultsControllerObserver.swift */; };
		B4019317298829E700217AEB /* NSManagedObjectContext+Rx.swift in Sources */ = {isa = PBXBuildFile; fileRef = B4019316298829E700217AEB /* NSManagedObjectContext+Rx.swift */; };
		B401931929882D4000217AEB /* CoreDataRepository.swift in Sources */ = {isa = PBXBuildFile; fileRef = B401931829882D4000217AEB /* CoreDataRepository.swift */; };
		B401931C29882E4000217AEB /* CDUsersUseCase.swift in Sources */ = {isa = PBXBuildFile; fileRef = B401931B29882E4000217AEB /* CDUsersUseCase.swift */; };
		B401931E29882FDE00217AEB /* CDUser+Ext.swift in Sources */ = {isa = PBXBuildFile; fileRef = B401931D29882FDE00217AEB /* CDUser+Ext.swift */; };
		B4019338298835E100217AEB /* CDProfile+Ext.swift in Sources */ = {isa = PBXBuildFile; fileRef = B4019337298835E100217AEB /* CDProfile+Ext.swift */; };
		B401933A2988B80D00217AEB /* CDMember+Ext.swift in Sources */ = {isa = PBXBuildFile; fileRef = B40193392988B80D00217AEB /* CDMember+Ext.swift */; };
		B401933C2988BEBE00217AEB /* Member.swift in Sources */ = {isa = PBXBuildFile; fileRef = B401933B2988BEBE00217AEB /* Member.swift */; };
		B401933E2988BF1F00217AEB /* CDRoom+Ext.swift in Sources */ = {isa = PBXBuildFile; fileRef = B401933D2988BF1F00217AEB /* CDRoom+Ext.swift */; };
		B40193442988C95700217AEB /* CDMessage+Ext.swift in Sources */ = {isa = PBXBuildFile; fileRef = B40193432988C95700217AEB /* CDMessage+Ext.swift */; };
		B41524452988F331006B86FF /* CDFriend+Ext.swift in Sources */ = {isa = PBXBuildFile; fileRef = B41524442988F331006B86FF /* CDFriend+Ext.swift */; };
		B41524542988FD76006B86FF /* CDUser+CoreDataClass.swift in Sources */ = {isa = PBXBuildFile; fileRef = B41524482988FD76006B86FF /* CDUser+CoreDataClass.swift */; };
		B41524552988FD76006B86FF /* CDUser+CoreDataProperties.swift in Sources */ = {isa = PBXBuildFile; fileRef = B41524492988FD76006B86FF /* CDUser+CoreDataProperties.swift */; };
		B41524562988FD76006B86FF /* CDMember+CoreDataClass.swift in Sources */ = {isa = PBXBuildFile; fileRef = B415244A2988FD76006B86FF /* CDMember+CoreDataClass.swift */; };
		B41524572988FD76006B86FF /* CDMember+CoreDataProperties.swift in Sources */ = {isa = PBXBuildFile; fileRef = B415244B2988FD76006B86FF /* CDMember+CoreDataProperties.swift */; };
		B41524582988FD76006B86FF /* CDMessage+CoreDataClass.swift in Sources */ = {isa = PBXBuildFile; fileRef = B415244C2988FD76006B86FF /* CDMessage+CoreDataClass.swift */; };
		B41524592988FD76006B86FF /* CDMessage+CoreDataProperties.swift in Sources */ = {isa = PBXBuildFile; fileRef = B415244D2988FD76006B86FF /* CDMessage+CoreDataProperties.swift */; };
		B415245A2988FD76006B86FF /* CDFriend+CoreDataClass.swift in Sources */ = {isa = PBXBuildFile; fileRef = B415244E2988FD76006B86FF /* CDFriend+CoreDataClass.swift */; };
		B415245B2988FD76006B86FF /* CDFriend+CoreDataProperties.swift in Sources */ = {isa = PBXBuildFile; fileRef = B415244F2988FD76006B86FF /* CDFriend+CoreDataProperties.swift */; };
		B415245C2988FD76006B86FF /* CDProfile+CoreDataClass.swift in Sources */ = {isa = PBXBuildFile; fileRef = B41524502988FD76006B86FF /* CDProfile+CoreDataClass.swift */; };
		B415245D2988FD76006B86FF /* CDProfile+CoreDataProperties.swift in Sources */ = {isa = PBXBuildFile; fileRef = B41524512988FD76006B86FF /* CDProfile+CoreDataProperties.swift */; };
		B415245E2988FD76006B86FF /* CDRoom+CoreDataClass.swift in Sources */ = {isa = PBXBuildFile; fileRef = B41524522988FD76006B86FF /* CDRoom+CoreDataClass.swift */; };
		B415245F2988FD76006B86FF /* CDRoom+CoreDataProperties.swift in Sources */ = {isa = PBXBuildFile; fileRef = B41524532988FD76006B86FF /* CDRoom+CoreDataProperties.swift */; };
		B41E40B82987797C00BB3126 /* AppDelegate.swift in Sources */ = {isa = PBXBuildFile; fileRef = B41E40B72987797C00BB3126 /* AppDelegate.swift */; };
		B41E40BA2987797C00BB3126 /* SceneDelegate.swift in Sources */ = {isa = PBXBuildFile; fileRef = B41E40B92987797C00BB3126 /* SceneDelegate.swift */; };
		B41E40BC2987797C00BB3126 /* ViewController.swift in Sources */ = {isa = PBXBuildFile; fileRef = B41E40BB2987797C00BB3126 /* ViewController.swift */; };
		B41E40C12987797D00BB3126 /* Assets.xcassets in Resources */ = {isa = PBXBuildFile; fileRef = B41E40C02987797D00BB3126 /* Assets.xcassets */; };
		B41E40C42987797D00BB3126 /* LaunchScreen.storyboard in Resources */ = {isa = PBXBuildFile; fileRef = B41E40C22987797D00BB3126 /* LaunchScreen.storyboard */; };
		B41E40CE29877F5E00BB3126 /* User.swift in Sources */ = {isa = PBXBuildFile; fileRef = B41E40CD29877F5E00BB3126 /* User.swift */; };
		B41E40D029877F6500BB3126 /* Room.swift in Sources */ = {isa = PBXBuildFile; fileRef = B41E40CF29877F6500BB3126 /* Room.swift */; };
		B41E40D229877F6A00BB3126 /* Message.swift in Sources */ = {isa = PBXBuildFile; fileRef = B41E40D129877F6A00BB3126 /* Message.swift */; };
		B41E40D9298783AE00BB3126 /* Friend.swift in Sources */ = {isa = PBXBuildFile; fileRef = B41E40D8298783AE00BB3126 /* Friend.swift */; };
		B41E40F1298792AD00BB3126 /* PlopMessengerModel.xcdatamodeld in Sources */ = {isa = PBXBuildFile; fileRef = B41E40EF298792AD00BB3126 /* PlopMessengerModel.xcdatamodeld */; };
		B41E40F329879D2900BB3126 /* ServiceProvider.swift in Sources */ = {isa = PBXBuildFile; fileRef = B41E40F229879D2900BB3126 /* ServiceProvider.swift */; };
		B41E40FD2987B07C00BB3126 /* UIImageTransformer.swift in Sources */ = {isa = PBXBuildFile; fileRef = B41E40FC2987B07C00BB3126 /* UIImageTransformer.swift */; };
		B4E8D66F29880E9D003B946D /* RxCocoa in Frameworks */ = {isa = PBXBuildFile; productRef = B4E8D66E29880E9D003B946D /* RxCocoa */; };
		B4E8D67129880E9D003B946D /* RxRelay in Frameworks */ = {isa = PBXBuildFile; productRef = B4E8D67029880E9D003B946D /* RxRelay */; };
		B4E8D67329880E9D003B946D /* RxSwift in Frameworks */ = {isa = PBXBuildFile; productRef = B4E8D67229880E9D003B946D /* RxSwift */; };
/* End PBXBuildFile section */

/* Begin PBXFileReference section */
		B401930629880F7200217AEB /* CoreDataStack.swift */ = {isa = PBXFileReference; lastKnownFileType = sourcecode.swift; path = CoreDataStack.swift; sourceTree = "<group>"; };
		B4019309298810D300217AEB /* NSManagedObjectContext+Ext.swift */ = {isa = PBXFileReference; lastKnownFileType = sourcecode.swift; path = "NSManagedObjectContext+Ext.swift"; sourceTree = "<group>"; };
		B401930B29881E2800217AEB /* Observable+Ext.swift */ = {isa = PBXFileReference; lastKnownFileType = sourcecode.swift; path = "Observable+Ext.swift"; sourceTree = "<group>"; };
		B401930D29881F4800217AEB /* DomainConvertibleType.swift */ = {isa = PBXFileReference; lastKnownFileType = sourcecode.swift; path = DomainConvertibleType.swift; sourceTree = "<group>"; };
		B401930F2988230B00217AEB /* Persistable.swift */ = {isa = PBXFileReference; lastKnownFileType = sourcecode.swift; path = Persistable.swift; sourceTree = "<group>"; };
		B40193122988242800217AEB /* ContextScheduler.swift */ = {isa = PBXFileReference; lastKnownFileType = sourcecode.swift; path = ContextScheduler.swift; sourceTree = "<group>"; };
		B40193142988297300217AEB /* FetchedResultsControllerObserver.swift */ = {isa = PBXFileReference; lastKnownFileType = sourcecode.swift; path = FetchedResultsControllerObserver.swift; sourceTree = "<group>"; };
		B4019316298829E700217AEB /* NSManagedObjectContext+Rx.swift */ = {isa = PBXFileReference; lastKnownFileType = sourcecode.swift; path = "NSManagedObjectContext+Rx.swift"; sourceTree = "<group>"; };
		B401931829882D4000217AEB /* CoreDataRepository.swift */ = {isa = PBXFileReference; lastKnownFileType = sourcecode.swift; path = CoreDataRepository.swift; sourceTree = "<group>"; };
		B401931B29882E4000217AEB /* CDUsersUseCase.swift */ = {isa = PBXFileReference; lastKnownFileType = sourcecode.swift; path = CDUsersUseCase.swift; sourceTree = "<group>"; };
		B401931D29882FDE00217AEB /* CDUser+Ext.swift */ = {isa = PBXFileReference; lastKnownFileType = sourcecode.swift; path = "CDUser+Ext.swift"; sourceTree = "<group>"; };
		B4019337298835E100217AEB /* CDProfile+Ext.swift */ = {isa = PBXFileReference; lastKnownFileType = sourcecode.swift; path = "CDProfile+Ext.swift"; sourceTree = "<group>"; };
		B40193392988B80D00217AEB /* CDMember+Ext.swift */ = {isa = PBXFileReference; lastKnownFileType = sourcecode.swift; path = "CDMember+Ext.swift"; sourceTree = "<group>"; };
		B401933B2988BEBE00217AEB /* Member.swift */ = {isa = PBXFileReference; lastKnownFileType = sourcecode.swift; path = Member.swift; sourceTree = "<group>"; };
		B401933D2988BF1F00217AEB /* CDRoom+Ext.swift */ = {isa = PBXFileReference; lastKnownFileType = sourcecode.swift; path = "CDRoom+Ext.swift"; sourceTree = "<group>"; };
		B40193432988C95700217AEB /* CDMessage+Ext.swift */ = {isa = PBXFileReference; lastKnownFileType = sourcecode.swift; path = "CDMessage+Ext.swift"; sourceTree = "<group>"; };
		B41524442988F331006B86FF /* CDFriend+Ext.swift */ = {isa = PBXFileReference; lastKnownFileType = sourcecode.swift; path = "CDFriend+Ext.swift"; sourceTree = "<group>"; };
		B41524482988FD76006B86FF /* CDUser+CoreDataClass.swift */ = {isa = PBXFileReference; lastKnownFileType = sourcecode.swift; path = "CDUser+CoreDataClass.swift"; sourceTree = "<group>"; };
		B41524492988FD76006B86FF /* CDUser+CoreDataProperties.swift */ = {isa = PBXFileReference; lastKnownFileType = sourcecode.swift; path = "CDUser+CoreDataProperties.swift"; sourceTree = "<group>"; };
		B415244A2988FD76006B86FF /* CDMember+CoreDataClass.swift */ = {isa = PBXFileReference; lastKnownFileType = sourcecode.swift; path = "CDMember+CoreDataClass.swift"; sourceTree = "<group>"; };
		B415244B2988FD76006B86FF /* CDMember+CoreDataProperties.swift */ = {isa = PBXFileReference; lastKnownFileType = sourcecode.swift; path = "CDMember+CoreDataProperties.swift"; sourceTree = "<group>"; };
		B415244C2988FD76006B86FF /* CDMessage+CoreDataClass.swift */ = {isa = PBXFileReference; lastKnownFileType = sourcecode.swift; path = "CDMessage+CoreDataClass.swift"; sourceTree = "<group>"; };
		B415244D2988FD76006B86FF /* CDMessage+CoreDataProperties.swift */ = {isa = PBXFileReference; lastKnownFileType = sourcecode.swift; path = "CDMessage+CoreDataProperties.swift"; sourceTree = "<group>"; };
		B415244E2988FD76006B86FF /* CDFriend+CoreDataClass.swift */ = {isa = PBXFileReference; lastKnownFileType = sourcecode.swift; path = "CDFriend+CoreDataClass.swift"; sourceTree = "<group>"; };
		B415244F2988FD76006B86FF /* CDFriend+CoreDataProperties.swift */ = {isa = PBXFileReference; lastKnownFileType = sourcecode.swift; path = "CDFriend+CoreDataProperties.swift"; sourceTree = "<group>"; };
		B41524502988FD76006B86FF /* CDProfile+CoreDataClass.swift */ = {isa = PBXFileReference; lastKnownFileType = sourcecode.swift; path = "CDProfile+CoreDataClass.swift"; sourceTree = "<group>"; };
		B41524512988FD76006B86FF /* CDProfile+CoreDataProperties.swift */ = {isa = PBXFileReference; lastKnownFileType = sourcecode.swift; path = "CDProfile+CoreDataProperties.swift"; sourceTree = "<group>"; };
		B41524522988FD76006B86FF /* CDRoom+CoreDataClass.swift */ = {isa = PBXFileReference; lastKnownFileType = sourcecode.swift; path = "CDRoom+CoreDataClass.swift"; sourceTree = "<group>"; };
		B41524532988FD76006B86FF /* CDRoom+CoreDataProperties.swift */ = {isa = PBXFileReference; lastKnownFileType = sourcecode.swift; path = "CDRoom+CoreDataProperties.swift"; sourceTree = "<group>"; };
		B41E40B42987797C00BB3126 /* plop-messenger-ios.app */ = {isa = PBXFileReference; explicitFileType = wrapper.application; includeInIndex = 0; path = "plop-messenger-ios.app"; sourceTree = BUILT_PRODUCTS_DIR; };
		B41E40B72987797C00BB3126 /* AppDelegate.swift */ = {isa = PBXFileReference; lastKnownFileType = sourcecode.swift; path = AppDelegate.swift; sourceTree = "<group>"; };
		B41E40B92987797C00BB3126 /* SceneDelegate.swift */ = {isa = PBXFileReference; lastKnownFileType = sourcecode.swift; path = SceneDelegate.swift; sourceTree = "<group>"; };
		B41E40BB2987797C00BB3126 /* ViewController.swift */ = {isa = PBXFileReference; lastKnownFileType = sourcecode.swift; path = ViewController.swift; sourceTree = "<group>"; };
		B41E40C02987797D00BB3126 /* Assets.xcassets */ = {isa = PBXFileReference; lastKnownFileType = folder.assetcatalog; path = Assets.xcassets; sourceTree = "<group>"; };
		B41E40C32987797D00BB3126 /* Base */ = {isa = PBXFileReference; lastKnownFileType = file.storyboard; name = Base; path = Base.lproj/LaunchScreen.storyboard; sourceTree = "<group>"; };
		B41E40C52987797D00BB3126 /* Info.plist */ = {isa = PBXFileReference; lastKnownFileType = text.plist.xml; path = Info.plist; sourceTree = "<group>"; };
		B41E40CD29877F5E00BB3126 /* User.swift */ = {isa = PBXFileReference; lastKnownFileType = sourcecode.swift; path = User.swift; sourceTree = "<group>"; };
		B41E40CF29877F6500BB3126 /* Room.swift */ = {isa = PBXFileReference; lastKnownFileType = sourcecode.swift; path = Room.swift; sourceTree = "<group>"; };
		B41E40D129877F6A00BB3126 /* Message.swift */ = {isa = PBXFileReference; lastKnownFileType = sourcecode.swift; path = Message.swift; sourceTree = "<group>"; };
		B41E40D8298783AE00BB3126 /* Friend.swift */ = {isa = PBXFileReference; lastKnownFileType = sourcecode.swift; path = Friend.swift; sourceTree = "<group>"; };
		B41E40F0298792AD00BB3126 /* PlopMessengerModel.xcdatamodel */ = {isa = PBXFileReference; lastKnownFileType = wrapper.xcdatamodel; path = PlopMessengerModel.xcdatamodel; sourceTree = "<group>"; };
		B41E40F229879D2900BB3126 /* ServiceProvider.swift */ = {isa = PBXFileReference; lastKnownFileType = sourcecode.swift; path = ServiceProvider.swift; sourceTree = "<group>"; };
		B41E40FC2987B07C00BB3126 /* UIImageTransformer.swift */ = {isa = PBXFileReference; lastKnownFileType = sourcecode.swift; path = UIImageTransformer.swift; sourceTree = "<group>"; };
/* End PBXFileReference section */

/* Begin PBXFrameworksBuildPhase section */
		B41E40B12987797C00BB3126 /* Frameworks */ = {
			isa = PBXFrameworksBuildPhase;
			buildActionMask = 2147483647;
			files = (
				B4E8D67329880E9D003B946D /* RxSwift in Frameworks */,
				B4E8D67129880E9D003B946D /* RxRelay in Frameworks */,
				B4E8D66F29880E9D003B946D /* RxCocoa in Frameworks */,
			);
			runOnlyForDeploymentPostprocessing = 0;
		};
/* End PBXFrameworksBuildPhase section */

/* Begin PBXGroup section */
		B4019308298810C700217AEB /* Extensions */ = {
			isa = PBXGroup;
			children = (
				B4019309298810D300217AEB /* NSManagedObjectContext+Ext.swift */,
				B401930B29881E2800217AEB /* Observable+Ext.swift */,
			);
			path = Extensions;
			sourceTree = "<group>";
		};
		B40193112988241900217AEB /* RxCoreData */ = {
			isa = PBXGroup;
			children = (
				B40193122988242800217AEB /* ContextScheduler.swift */,
				B40193142988297300217AEB /* FetchedResultsControllerObserver.swift */,
				B4019316298829E700217AEB /* NSManagedObjectContext+Rx.swift */,
			);
			path = RxCoreData;
			sourceTree = "<group>";
		};
		B401931A29882E3800217AEB /* UseCases */ = {
			isa = PBXGroup;
			children = (
				B401931B29882E4000217AEB /* CDUsersUseCase.swift */,
			);
			path = UseCases;
			sourceTree = "<group>";
		};
		B41524462988FD38006B86FF /* Extensions */ = {
			isa = PBXGroup;
			children = (
				B40193432988C95700217AEB /* CDMessage+Ext.swift */,
				B41524442988F331006B86FF /* CDFriend+Ext.swift */,
				B40193392988B80D00217AEB /* CDMember+Ext.swift */,
				B4019337298835E100217AEB /* CDProfile+Ext.swift */,
				B401933D2988BF1F00217AEB /* CDRoom+Ext.swift */,
				B401931D29882FDE00217AEB /* CDUser+Ext.swift */,
			);
			path = Extensions;
			sourceTree = "<group>";
		};
		B41524472988FD4A006B86FF /* Common */ = {
			isa = PBXGroup;
			children = (
				B401930D29881F4800217AEB /* DomainConvertibleType.swift */,
				B401930F2988230B00217AEB /* Persistable.swift */,
			);
			path = Common;
			sourceTree = "<group>";
		};
		B41E40AB2987797C00BB3126 = {
			isa = PBXGroup;
			children = (
				B41E40B62987797C00BB3126 /* plop-messenger-ios */,
				B41E40B52987797C00BB3126 /* Products */,
			);
			sourceTree = "<group>";
		};
		B41E40B52987797C00BB3126 /* Products */ = {
			isa = PBXGroup;
			children = (
				B41E40B42987797C00BB3126 /* plop-messenger-ios.app */,
			);
			name = Products;
			sourceTree = "<group>";
		};
		B41E40B62987797C00BB3126 /* plop-messenger-ios */ = {
			isa = PBXGroup;
			children = (
				B41E40EA2987926A00BB3126 /* Data */,
				B41E40CB29877F0100BB3126 /* Domain */,
				B41E40B72987797C00BB3126 /* AppDelegate.swift */,
				B41E40B92987797C00BB3126 /* SceneDelegate.swift */,
				B41E40BB2987797C00BB3126 /* ViewController.swift */,
				B41E40C02987797D00BB3126 /* Assets.xcassets */,
				B41E40C22987797D00BB3126 /* LaunchScreen.storyboard */,
				B41E40C52987797D00BB3126 /* Info.plist */,
			);
			path = "plop-messenger-ios";
			sourceTree = "<group>";
		};
		B41E40CB29877F0100BB3126 /* Domain */ = {
			isa = PBXGroup;
			children = (
				B41E40CC29877F0300BB3126 /* Entities */,
			);
			path = Domain;
			sourceTree = "<group>";
		};
		B41E40CC29877F0300BB3126 /* Entities */ = {
			isa = PBXGroup;
			children = (
				B41E40CD29877F5E00BB3126 /* User.swift */,
				B41E40CF29877F6500BB3126 /* Room.swift */,
				B41E40D129877F6A00BB3126 /* Message.swift */,
				B41E40D8298783AE00BB3126 /* Friend.swift */,
				B401933B2988BEBE00217AEB /* Member.swift */,
			);
			path = Entities;
			sourceTree = "<group>";
		};
		B41E40EA2987926A00BB3126 /* Data */ = {
			isa = PBXGroup;
			children = (
				B41E40ED2987927800BB3126 /* ImageLoader */,
				B41E40EC2987927300BB3126 /* CoreData */,
				B41E40EB2987927000BB3126 /* Network */,
				B41E40F229879D2900BB3126 /* ServiceProvider.swift */,
			);
			path = Data;
			sourceTree = "<group>";
		};
		B41E40EB2987927000BB3126 /* Network */ = {
			isa = PBXGroup;
			children = (
			);
			path = Network;
			sourceTree = "<group>";
		};
		B41E40EC2987927300BB3126 /* CoreData */ = {
			isa = PBXGroup;
			children = (
				B401931A29882E3800217AEB /* UseCases */,
				B40193112988241900217AEB /* RxCoreData */,
				B4019308298810C700217AEB /* Extensions */,
				B4E8D66A2987B126003B946D /* Entities */,
				B41E40EF298792AD00BB3126 /* PlopMessengerModel.xcdatamodeld */,
				B41E40FC2987B07C00BB3126 /* UIImageTransformer.swift */,
				B401930629880F7200217AEB /* CoreDataStack.swift */,
				B401931829882D4000217AEB /* CoreDataRepository.swift */,
			);
			path = CoreData;
			sourceTree = "<group>";
		};
		B41E40ED2987927800BB3126 /* ImageLoader */ = {
			isa = PBXGroup;
			children = (
			);
			path = ImageLoader;
			sourceTree = "<group>";
		};
		B4E8D66A2987B126003B946D /* Entities */ = {
			isa = PBXGroup;
			children = (
				B41524482988FD76006B86FF /* CDUser+CoreDataClass.swift */,
				B41524492988FD76006B86FF /* CDUser+CoreDataProperties.swift */,
				B415244A2988FD76006B86FF /* CDMember+CoreDataClass.swift */,
				B415244B2988FD76006B86FF /* CDMember+CoreDataProperties.swift */,
				B415244C2988FD76006B86FF /* CDMessage+CoreDataClass.swift */,
				B415244D2988FD76006B86FF /* CDMessage+CoreDataProperties.swift */,
				B415244E2988FD76006B86FF /* CDFriend+CoreDataClass.swift */,
				B415244F2988FD76006B86FF /* CDFriend+CoreDataProperties.swift */,
				B41524502988FD76006B86FF /* CDProfile+CoreDataClass.swift */,
				B41524512988FD76006B86FF /* CDProfile+CoreDataProperties.swift */,
				B41524522988FD76006B86FF /* CDRoom+CoreDataClass.swift */,
				B41524532988FD76006B86FF /* CDRoom+CoreDataProperties.swift */,
				B41524472988FD4A006B86FF /* Common */,
				B41524462988FD38006B86FF /* Extensions */,
			);
			path = Entities;
			sourceTree = "<group>";
		};
/* End PBXGroup section */

/* Begin PBXNativeTarget section */
		B41E40B32987797C00BB3126 /* plop-messenger-ios */ = {
			isa = PBXNativeTarget;
			buildConfigurationList = B41E40C82987797D00BB3126 /* Build configuration list for PBXNativeTarget "plop-messenger-ios" */;
			buildPhases = (
				B41E40B02987797C00BB3126 /* Sources */,
				B41E40B12987797C00BB3126 /* Frameworks */,
				B41E40B22987797C00BB3126 /* Resources */,
			);
			buildRules = (
			);
			dependencies = (
			);
			name = "plop-messenger-ios";
			packageProductDependencies = (
				B4E8D66E29880E9D003B946D /* RxCocoa */,
				B4E8D67029880E9D003B946D /* RxRelay */,
				B4E8D67229880E9D003B946D /* RxSwift */,
			);
			productName = "plop-messenger-ios";
			productReference = B41E40B42987797C00BB3126 /* plop-messenger-ios.app */;
			productType = "com.apple.product-type.application";
		};
/* End PBXNativeTarget section */

/* Begin PBXProject section */
		B41E40AC2987797C00BB3126 /* Project object */ = {
			isa = PBXProject;
			attributes = {
				BuildIndependentTargetsInParallel = 1;
				LastSwiftUpdateCheck = 1410;
				LastUpgradeCheck = 1410;
				TargetAttributes = {
					B41E40B32987797C00BB3126 = {
						CreatedOnToolsVersion = 14.1;
					};
				};
			};
			buildConfigurationList = B41E40AF2987797C00BB3126 /* Build configuration list for PBXProject "plop-messenger-ios" */;
			compatibilityVersion = "Xcode 14.0";
			developmentRegion = en;
			hasScannedForEncodings = 0;
			knownRegions = (
				en,
				Base,
			);
			mainGroup = B41E40AB2987797C00BB3126;
			packageReferences = (
				B4E8D66D29880E9D003B946D /* XCRemoteSwiftPackageReference "RxSwift" */,
			);
			productRefGroup = B41E40B52987797C00BB3126 /* Products */;
			projectDirPath = "";
			projectRoot = "";
			targets = (
				B41E40B32987797C00BB3126 /* plop-messenger-ios */,
			);
		};
/* End PBXProject section */

/* Begin PBXResourcesBuildPhase section */
		B41E40B22987797C00BB3126 /* Resources */ = {
			isa = PBXResourcesBuildPhase;
			buildActionMask = 2147483647;
			files = (
				B41E40C42987797D00BB3126 /* LaunchScreen.storyboard in Resources */,
				B41E40C12987797D00BB3126 /* Assets.xcassets in Resources */,
			);
			runOnlyForDeploymentPostprocessing = 0;
		};
/* End PBXResourcesBuildPhase section */

/* Begin PBXSourcesBuildPhase section */
		B41E40B02987797C00BB3126 /* Sources */ = {
			isa = PBXSourcesBuildPhase;
			buildActionMask = 2147483647;
			files = (
				B415245D2988FD76006B86FF /* CDProfile+CoreDataProperties.swift in Sources */,
				B401930729880F7200217AEB /* CoreDataStack.swift in Sources */,
				B41E40CE29877F5E00BB3126 /* User.swift in Sources */,
				B41E40D9298783AE00BB3126 /* Friend.swift in Sources */,
				B41524542988FD76006B86FF /* CDUser+CoreDataClass.swift in Sources */,
				B40193132988242800217AEB /* ContextScheduler.swift in Sources */,
				B4019317298829E700217AEB /* NSManagedObjectContext+Rx.swift in Sources */,
				B401930E29881F4800217AEB /* DomainConvertibleType.swift in Sources */,
				B401931C29882E4000217AEB /* CDUsersUseCase.swift in Sources */,
				B415245A2988FD76006B86FF /* CDFriend+CoreDataClass.swift in Sources */,
				B41524582988FD76006B86FF /* CDMessage+CoreDataClass.swift in Sources */,
				B41524552988FD76006B86FF /* CDUser+CoreDataProperties.swift in Sources */,
				B41E40BC2987797C00BB3126 /* ViewController.swift in Sources */,
				B41524562988FD76006B86FF /* CDMember+CoreDataClass.swift in Sources */,
				B401930C29881E2800217AEB /* Observable+Ext.swift in Sources */,
				B415245F2988FD76006B86FF /* CDRoom+CoreDataProperties.swift in Sources */,
				B4019338298835E100217AEB /* CDProfile+Ext.swift in Sources */,
				B415245B2988FD76006B86FF /* CDFriend+CoreDataProperties.swift in Sources */,
				B415245C2988FD76006B86FF /* CDProfile+CoreDataClass.swift in Sources */,
				B41E40F329879D2900BB3126 /* ServiceProvider.swift in Sources */,
				B401933A2988B80D00217AEB /* CDMember+Ext.swift in Sources */,
				B41524572988FD76006B86FF /* CDMember+CoreDataProperties.swift in Sources */,
				B401930A298810D300217AEB /* NSManagedObjectContext+Ext.swift in Sources */,
				B40193102988230B00217AEB /* Persistable.swift in Sources */,
				B41524592988FD76006B86FF /* CDMessage+CoreDataProperties.swift in Sources */,
				B41E40B82987797C00BB3126 /* AppDelegate.swift in Sources */,
				B40193442988C95700217AEB /* CDMessage+Ext.swift in Sources */,
				B40193152988297300217AEB /* FetchedResultsControllerObserver.swift in Sources */,
				B41E40F1298792AD00BB3126 /* PlopMessengerModel.xcdatamodeld in Sources */,
				B401931E29882FDE00217AEB /* CDUser+Ext.swift in Sources */,
				B41E40D229877F6A00BB3126 /* Message.swift in Sources */,
				B41524452988F331006B86FF /* CDFriend+Ext.swift in Sources */,
				B415245E2988FD76006B86FF /* CDRoom+CoreDataClass.swift in Sources */,
				B41E40BA2987797C00BB3126 /* SceneDelegate.swift in Sources */,
				B401933C2988BEBE00217AEB /* Member.swift in Sources */,
				B41E40D029877F6500BB3126 /* Room.swift in Sources */,
				B41E40FD2987B07C00BB3126 /* UIImageTransformer.swift in Sources */,
				B401931929882D4000217AEB /* CoreDataRepository.swift in Sources */,
				B401933E2988BF1F00217AEB /* CDRoom+Ext.swift in Sources */,
			);
			runOnlyForDeploymentPostprocessing = 0;
		};
/* End PBXSourcesBuildPhase section */

/* Begin PBXVariantGroup section */
		B41E40C22987797D00BB3126 /* LaunchScreen.storyboard */ = {
			isa = PBXVariantGroup;
			children = (
				B41E40C32987797D00BB3126 /* Base */,
			);
			name = LaunchScreen.storyboard;
			sourceTree = "<group>";
		};
/* End PBXVariantGroup section */

/* Begin XCBuildConfiguration section */
		B41E40C62987797D00BB3126 /* Debug */ = {
			isa = XCBuildConfiguration;
			buildSettings = {
				ALWAYS_SEARCH_USER_PATHS = NO;
				CLANG_ANALYZER_NONNULL = YES;
				CLANG_ANALYZER_NUMBER_OBJECT_CONVERSION = YES_AGGRESSIVE;
				CLANG_CXX_LANGUAGE_STANDARD = "gnu++20";
				CLANG_ENABLE_MODULES = YES;
				CLANG_ENABLE_OBJC_ARC = YES;
				CLANG_ENABLE_OBJC_WEAK = YES;
				CLANG_WARN_BLOCK_CAPTURE_AUTORELEASING = YES;
				CLANG_WARN_BOOL_CONVERSION = YES;
				CLANG_WARN_COMMA = YES;
				CLANG_WARN_CONSTANT_CONVERSION = YES;
				CLANG_WARN_DEPRECATED_OBJC_IMPLEMENTATIONS = YES;
				CLANG_WARN_DIRECT_OBJC_ISA_USAGE = YES_ERROR;
				CLANG_WARN_DOCUMENTATION_COMMENTS = YES;
				CLANG_WARN_EMPTY_BODY = YES;
				CLANG_WARN_ENUM_CONVERSION = YES;
				CLANG_WARN_INFINITE_RECURSION = YES;
				CLANG_WARN_INT_CONVERSION = YES;
				CLANG_WARN_NON_LITERAL_NULL_CONVERSION = YES;
				CLANG_WARN_OBJC_IMPLICIT_RETAIN_SELF = YES;
				CLANG_WARN_OBJC_LITERAL_CONVERSION = YES;
				CLANG_WARN_OBJC_ROOT_CLASS = YES_ERROR;
				CLANG_WARN_QUOTED_INCLUDE_IN_FRAMEWORK_HEADER = YES;
				CLANG_WARN_RANGE_LOOP_ANALYSIS = YES;
				CLANG_WARN_STRICT_PROTOTYPES = YES;
				CLANG_WARN_SUSPICIOUS_MOVE = YES;
				CLANG_WARN_UNGUARDED_AVAILABILITY = YES_AGGRESSIVE;
				CLANG_WARN_UNREACHABLE_CODE = YES;
				CLANG_WARN__DUPLICATE_METHOD_MATCH = YES;
				COPY_PHASE_STRIP = NO;
				DEBUG_INFORMATION_FORMAT = dwarf;
				ENABLE_STRICT_OBJC_MSGSEND = YES;
				ENABLE_TESTABILITY = YES;
				GCC_C_LANGUAGE_STANDARD = gnu11;
				GCC_DYNAMIC_NO_PIC = NO;
				GCC_NO_COMMON_BLOCKS = YES;
				GCC_OPTIMIZATION_LEVEL = 0;
				GCC_PREPROCESSOR_DEFINITIONS = (
					"DEBUG=1",
					"$(inherited)",
				);
				GCC_WARN_64_TO_32_BIT_CONVERSION = YES;
				GCC_WARN_ABOUT_RETURN_TYPE = YES_ERROR;
				GCC_WARN_UNDECLARED_SELECTOR = YES;
				GCC_WARN_UNINITIALIZED_AUTOS = YES_AGGRESSIVE;
				GCC_WARN_UNUSED_FUNCTION = YES;
				GCC_WARN_UNUSED_VARIABLE = YES;
				IPHONEOS_DEPLOYMENT_TARGET = 14.0;
				MTL_ENABLE_DEBUG_INFO = INCLUDE_SOURCE;
				MTL_FAST_MATH = YES;
				ONLY_ACTIVE_ARCH = YES;
				SDKROOT = iphoneos;
				SWIFT_ACTIVE_COMPILATION_CONDITIONS = DEBUG;
				SWIFT_OPTIMIZATION_LEVEL = "-Onone";
			};
			name = Debug;
		};
		B41E40C72987797D00BB3126 /* Release */ = {
			isa = XCBuildConfiguration;
			buildSettings = {
				ALWAYS_SEARCH_USER_PATHS = NO;
				CLANG_ANALYZER_NONNULL = YES;
				CLANG_ANALYZER_NUMBER_OBJECT_CONVERSION = YES_AGGRESSIVE;
				CLANG_CXX_LANGUAGE_STANDARD = "gnu++20";
				CLANG_ENABLE_MODULES = YES;
				CLANG_ENABLE_OBJC_ARC = YES;
				CLANG_ENABLE_OBJC_WEAK = YES;
				CLANG_WARN_BLOCK_CAPTURE_AUTORELEASING = YES;
				CLANG_WARN_BOOL_CONVERSION = YES;
				CLANG_WARN_COMMA = YES;
				CLANG_WARN_CONSTANT_CONVERSION = YES;
				CLANG_WARN_DEPRECATED_OBJC_IMPLEMENTATIONS = YES;
				CLANG_WARN_DIRECT_OBJC_ISA_USAGE = YES_ERROR;
				CLANG_WARN_DOCUMENTATION_COMMENTS = YES;
				CLANG_WARN_EMPTY_BODY = YES;
				CLANG_WARN_ENUM_CONVERSION = YES;
				CLANG_WARN_INFINITE_RECURSION = YES;
				CLANG_WARN_INT_CONVERSION = YES;
				CLANG_WARN_NON_LITERAL_NULL_CONVERSION = YES;
				CLANG_WARN_OBJC_IMPLICIT_RETAIN_SELF = YES;
				CLANG_WARN_OBJC_LITERAL_CONVERSION = YES;
				CLANG_WARN_OBJC_ROOT_CLASS = YES_ERROR;
				CLANG_WARN_QUOTED_INCLUDE_IN_FRAMEWORK_HEADER = YES;
				CLANG_WARN_RANGE_LOOP_ANALYSIS = YES;
				CLANG_WARN_STRICT_PROTOTYPES = YES;
				CLANG_WARN_SUSPICIOUS_MOVE = YES;
				CLANG_WARN_UNGUARDED_AVAILABILITY = YES_AGGRESSIVE;
				CLANG_WARN_UNREACHABLE_CODE = YES;
				CLANG_WARN__DUPLICATE_METHOD_MATCH = YES;
				COPY_PHASE_STRIP = NO;
				DEBUG_INFORMATION_FORMAT = "dwarf-with-dsym";
				ENABLE_NS_ASSERTIONS = NO;
				ENABLE_STRICT_OBJC_MSGSEND = YES;
				GCC_C_LANGUAGE_STANDARD = gnu11;
				GCC_NO_COMMON_BLOCKS = YES;
				GCC_WARN_64_TO_32_BIT_CONVERSION = YES;
				GCC_WARN_ABOUT_RETURN_TYPE = YES_ERROR;
				GCC_WARN_UNDECLARED_SELECTOR = YES;
				GCC_WARN_UNINITIALIZED_AUTOS = YES_AGGRESSIVE;
				GCC_WARN_UNUSED_FUNCTION = YES;
				GCC_WARN_UNUSED_VARIABLE = YES;
				IPHONEOS_DEPLOYMENT_TARGET = 14.0;
				MTL_ENABLE_DEBUG_INFO = NO;
				MTL_FAST_MATH = YES;
				SDKROOT = iphoneos;
				SWIFT_COMPILATION_MODE = wholemodule;
				SWIFT_OPTIMIZATION_LEVEL = "-O";
				VALIDATE_PRODUCT = YES;
			};
			name = Release;
		};
		B41E40C92987797D00BB3126 /* Debug */ = {
			isa = XCBuildConfiguration;
			buildSettings = {
				ASSETCATALOG_COMPILER_APPICON_NAME = AppIcon;
				ASSETCATALOG_COMPILER_GLOBAL_ACCENT_COLOR_NAME = AccentColor;
				CODE_SIGN_STYLE = Automatic;
				CURRENT_PROJECT_VERSION = 1;
				DEVELOPMENT_TEAM = SK9D9HK9A2;
				GENERATE_INFOPLIST_FILE = YES;
				INFOPLIST_FILE = "plop-messenger-ios/Info.plist";
				INFOPLIST_KEY_UIApplicationSupportsIndirectInputEvents = YES;
				INFOPLIST_KEY_UILaunchStoryboardName = LaunchScreen;
				INFOPLIST_KEY_UISupportedInterfaceOrientations_iPad = "UIInterfaceOrientationPortrait UIInterfaceOrientationPortraitUpsideDown UIInterfaceOrientationLandscapeLeft UIInterfaceOrientationLandscapeRight";
				INFOPLIST_KEY_UISupportedInterfaceOrientations_iPhone = "UIInterfaceOrientationPortrait UIInterfaceOrientationLandscapeLeft UIInterfaceOrientationLandscapeRight";
				LD_RUNPATH_SEARCH_PATHS = (
					"$(inherited)",
					"@executable_path/Frameworks",
				);
				MARKETING_VERSION = 1.0;
				PRODUCT_BUNDLE_IDENTIFIER = "com.howift.plop-messenger-ios";
				PRODUCT_NAME = "$(TARGET_NAME)";
				SWIFT_EMIT_LOC_STRINGS = YES;
				SWIFT_VERSION = 5.0;
				TARGETED_DEVICE_FAMILY = "1,2";
			};
			name = Debug;
		};
		B41E40CA2987797D00BB3126 /* Release */ = {
			isa = XCBuildConfiguration;
			buildSettings = {
				ASSETCATALOG_COMPILER_APPICON_NAME = AppIcon;
				ASSETCATALOG_COMPILER_GLOBAL_ACCENT_COLOR_NAME = AccentColor;
				CODE_SIGN_STYLE = Automatic;
				CURRENT_PROJECT_VERSION = 1;
				DEVELOPMENT_TEAM = SK9D9HK9A2;
				GENERATE_INFOPLIST_FILE = YES;
				INFOPLIST_FILE = "plop-messenger-ios/Info.plist";
				INFOPLIST_KEY_UIApplicationSupportsIndirectInputEvents = YES;
				INFOPLIST_KEY_UILaunchStoryboardName = LaunchScreen;
				INFOPLIST_KEY_UISupportedInterfaceOrientations_iPad = "UIInterfaceOrientationPortrait UIInterfaceOrientationPortraitUpsideDown UIInterfaceOrientationLandscapeLeft UIInterfaceOrientationLandscapeRight";
				INFOPLIST_KEY_UISupportedInterfaceOrientations_iPhone = "UIInterfaceOrientationPortrait UIInterfaceOrientationLandscapeLeft UIInterfaceOrientationLandscapeRight";
				LD_RUNPATH_SEARCH_PATHS = (
					"$(inherited)",
					"@executable_path/Frameworks",
				);
				MARKETING_VERSION = 1.0;
				PRODUCT_BUNDLE_IDENTIFIER = "com.howift.plop-messenger-ios";
				PRODUCT_NAME = "$(TARGET_NAME)";
				SWIFT_EMIT_LOC_STRINGS = YES;
				SWIFT_VERSION = 5.0;
				TARGETED_DEVICE_FAMILY = "1,2";
			};
			name = Release;
		};
/* End XCBuildConfiguration section */

/* Begin XCConfigurationList section */
		B41E40AF2987797C00BB3126 /* Build configuration list for PBXProject "plop-messenger-ios" */ = {
			isa = XCConfigurationList;
			buildConfigurations = (
				B41E40C62987797D00BB3126 /* Debug */,
				B41E40C72987797D00BB3126 /* Release */,
			);
			defaultConfigurationIsVisible = 0;
			defaultConfigurationName = Release;
		};
		B41E40C82987797D00BB3126 /* Build configuration list for PBXNativeTarget "plop-messenger-ios" */ = {
			isa = XCConfigurationList;
			buildConfigurations = (
				B41E40C92987797D00BB3126 /* Debug */,
				B41E40CA2987797D00BB3126 /* Release */,
			);
			defaultConfigurationIsVisible = 0;
			defaultConfigurationName = Release;
		};
/* End XCConfigurationList section */

/* Begin XCRemoteSwiftPackageReference section */
		B4E8D66D29880E9D003B946D /* XCRemoteSwiftPackageReference "RxSwift" */ = {
			isa = XCRemoteSwiftPackageReference;
			repositoryURL = "https://github.com/ReactiveX/RxSwift.git";
			requirement = {
				kind = exactVersion;
				version = 6.5.0;
			};
		};
/* End XCRemoteSwiftPackageReference section */

/* Begin XCSwiftPackageProductDependency section */
		B4E8D66E29880E9D003B946D /* RxCocoa */ = {
			isa = XCSwiftPackageProductDependency;
			package = B4E8D66D29880E9D003B946D /* XCRemoteSwiftPackageReference "RxSwift" */;
			productName = RxCocoa;
		};
		B4E8D67029880E9D003B946D /* RxRelay */ = {
			isa = XCSwiftPackageProductDependency;
			package = B4E8D66D29880E9D003B946D /* XCRemoteSwiftPackageReference "RxSwift" */;
			productName = RxRelay;
		};
		B4E8D67229880E9D003B946D /* RxSwift */ = {
			isa = XCSwiftPackageProductDependency;
			package = B4E8D66D29880E9D003B946D /* XCRemoteSwiftPackageReference "RxSwift" */;
			productName = RxSwift;
		};
/* End XCSwiftPackageProductDependency section */

/* Begin XCVersionGroup section */
		B41E40EF298792AD00BB3126 /* PlopMessengerModel.xcdatamodeld */ = {
			isa = XCVersionGroup;
			children = (
				B41E40F0298792AD00BB3126 /* PlopMessengerModel.xcdatamodel */,
			);
			currentVersion = B41E40F0298792AD00BB3126 /* PlopMessengerModel.xcdatamodel */;
			path = PlopMessengerModel.xcdatamodeld;
			sourceTree = "<group>";
			versionGroupType = wrapper.xcdatamodel;
		};
/* End XCVersionGroup section */
	};
	rootObject = B41E40AC2987797C00BB3126 /* Project object */;
}
